// !$*UTF8*$!
{
	archiveVersion = 1;
	classes = {
	};
	objectVersion = 46;
	objects = {

/* Begin PBXBuildFile section */
		AF2825D21DD780DD00A51B45 /* AppDelegate.swift in Sources */ = {isa = PBXBuildFile; fileRef = AF2825D11DD780DD00A51B45 /* AppDelegate.swift */; };
		AF2825D41DD780DD00A51B45 /* ViewController.swift in Sources */ = {isa = PBXBuildFile; fileRef = AF2825D31DD780DD00A51B45 /* ViewController.swift */; };
		AF2825D71DD780DD00A51B45 /* Main.storyboard in Resources */ = {isa = PBXBuildFile; fileRef = AF2825D51DD780DD00A51B45 /* Main.storyboard */; };
		AF2825D91DD780DD00A51B45 /* Assets.xcassets in Resources */ = {isa = PBXBuildFile; fileRef = AF2825D81DD780DD00A51B45 /* Assets.xcassets */; };
		AF2825DC1DD780DD00A51B45 /* LaunchScreen.storyboard in Resources */ = {isa = PBXBuildFile; fileRef = AF2825DA1DD780DD00A51B45 /* LaunchScreen.storyboard */; };
/* End PBXBuildFile section */

/* Begin PBXFileReference section */
		AF2825CE1DD780DD00A51B45 /* threePhone.app */ = {isa = PBXFileReference; explicitFileType = wrapper.application; includeInIndex = 0; path = threePhone.app; sourceTree = BUILT_PRODUCTS_DIR; };
		AF2825D11DD780DD00A51B45 /* AppDelegate.swift */ = {isa = PBXFileReference; lastKnownFileType = sourcecode.swift; path = AppDelegate.swift; sourceTree = "<group>"; };
		AF2825D31DD780DD00A51B45 /* ViewController.swift */ = {isa = PBXFileReference; lastKnownFileType = sourcecode.swift; path = ViewController.swift; sourceTree = "<group>"; };
		AF2825D61DD780DD00A51B45 /* Base */ = {isa = PBXFileReference; lastKnownFileType = file.storyboard; name = Base; path = Base.lproj/Main.storyboard; sourceTree = "<group>"; };
		AF2825D81DD780DD00A51B45 /* Assets.xcassets */ = {isa = PBXFileReference; lastKnownFileType = folder.assetcatalog; path = Assets.xcassets; sourceTree = "<group>"; };
		AF2825DB1DD780DD00A51B45 /* Base */ = {isa = PBXFileReference; lastKnownFileType = file.storyboard; name = Base; path = Base.lproj/LaunchScreen.storyboard; sourceTree = "<group>"; };
		AF2825DD1DD780DD00A51B45 /* Info.plist */ = {isa = PBXFileReference; lastKnownFileType = text.plist.xml; path = Info.plist; sourceTree = "<group>"; };
/* End PBXFileReference section */

/* Begin PBXFrameworksBuildPhase section */
		AF2825CB1DD780DC00A51B45 /* Frameworks */ = {
			isa = PBXFrameworksBuildPhase;
			buildActionMask = 2147483647;
			files = (
			);
			runOnlyForDeploymentPostprocessing = 0;
		};
/* End PBXFrameworksBuildPhase section */

/* Begin PBXGroup section */
		AF2825C51DD780DC00A51B45 = {
			isa = PBXGroup;
			children = (
				AF2825D01DD780DD00A51B45 /* threePhone */,
				AF2825CF1DD780DD00A51B45 /* Products */,
			);
			sourceTree = "<group>";
		};
		AF2825CF1DD780DD00A51B45 /* Products */ = {
			isa = PBXGroup;
			children = (
				AF2825CE1DD780DD00A51B45 /* threePhone.app */,
			);
			name = Products;
			sourceTree = "<group>";
		};
		AF2825D01DD780DD00A51B45 /* threePhone */ = {
			isa = PBXGroup;
			children = (
				AF2825D11DD780DD00A51B45 /* AppDelegate.swift */,
				AF2825D31DD780DD00A51B45 /* ViewController.swift */,
				AF2825D51DD780DD00A51B45 /* Main.storyboard */,
				AF2825D81DD780DD00A51B45 /* Assets.xcassets */,
				AF2825DA1DD780DD00A51B45 /* LaunchScreen.storyboard */,
				AF2825DD1DD780DD00A51B45 /* Info.plist */,
			);
			path = threePhone;
			sourceTree = "<group>";
		};
/* End PBXGroup section */

/* Begin PBXNativeTarget section */
		AF2825CD1DD780DC00A51B45 /* threePhone */ = {
			isa = PBXNativeTarget;
			buildConfigurationList = AF2825E01DD780DD00A51B45 /* Build configuration list for PBXNativeTarget "threePhone" */;
			buildPhases = (
				AF2825CA1DD780DC00A51B45 /* Sources */,
				AF2825CB1DD780DC00A51B45 /* Frameworks */,
				AF2825CC1DD780DC00A51B45 /* Resources */,
			);
			buildRules = (
			);
			dependencies = (
			);
			name = threePhone;
			productName = threePhone;
			productReference = AF2825CE1DD780DD00A51B45 /* threePhone.app */;
			productType = "com.apple.product-type.application";
		};
/* End PBXNativeTarget section */

/* Begin PBXProject section */
		AF2825C61DD780DC00A51B45 /* Project object */ = {
			isa = PBXProject;
			attributes = {
				LastSwiftUpdateCheck = 0800;
				LastUpgradeCheck = 0800;
				ORGANIZATIONNAME = "ice elson";
				TargetAttributes = {
					AF2825CD1DD780DC00A51B45 = {
						CreatedOnToolsVersion = 8.0;
						DevelopmentTeam = U55RL8468U;
						ProvisioningStyle = Automatic;
					};
				};
			};
			buildConfigurationList = AF2825C91DD780DC00A51B45 /* Build configuration list for PBXProject "threePhone" */;
			compatibilityVersion = "Xcode 3.2";
			developmentRegion = English;
			hasScannedForEncodings = 0;
			knownRegions = (
				en,
				Base,
			);
			mainGroup = AF2825C51DD780DC00A51B45;
			productRefGroup = AF2825CF1DD780DD00A51B45 /* Products */;
			projectDirPath = "";
			projectRoot = "";
			targets = (
				AF2825CD1DD780DC00A51B45 /* threePhone */,
			);
		};
/* End PBXProject section */

/* Begin PBXResourcesBuildPhase section */
		AF2825CC1DD780DC00A51B45 /* Resources */ = {
			isa = PBXResourcesBuildPhase;
			buildActionMask = 2147483647;
			files = (
				AF2825DC1DD780DD00A51B45 /* LaunchScreen.storyboard in Resources */,
				AF2825D91DD780DD00A51B45 /* Assets.xcassets in Resources */,
				AF2825D71DD780DD00A51B45 /* Main.storyboard in Resources */,
			);
			runOnlyForDeploymentPostprocessing = 0;
		};
/* End PBXResourcesBuildPhase section */

/* Begin PBXSourcesBuildPhase section */
		AF2825CA1DD780DC00A51B45 /* Sources */ = {
			isa = PBXSourcesBuildPhase;
			buildActionMask = 2147483647;
			files = (
				AF2825D41DD780DD00A51B45 /* ViewController.swift in Sources */,
				AF2825D21DD780DD00A51B45 /* AppDelegate.swift in Sources */,
			);
			runOnlyForDeploymentPostprocessing = 0;
		};
/* End PBXSourcesBuildPhase section */

/* Begin PBXVariantGroup section */
		AF2825D51DD780DD00A51B45 /* Main.storyboard */ = {
			isa = PBXVariantGroup;
			children = (
				AF2825D61DD780DD00A51B45 /* Base */,
			);
			name = Main.storyboard;
			sourceTree = "<group>";
		};
		AF2825DA1DD780DD00A51B45 /* LaunchScreen.storyboard */ = {
			isa = PBXVariantGroup;
			children = (
				AF2825DB1DD780DD00A51B45 /* Base */,
			);
			name = LaunchScreen.storyboard;
			sourceTree = "<group>";
		};
/* End PBXVariantGroup section */

/* Begin XCBuildConfiguration section */
		AF2825DE1DD780DD00A51B45 /* Debug */ = {
			isa = XCBuildConfiguration;
			buildSettings = {
				ALWAYS_SEARCH_USER_PATHS = NO;
				CLANG_ANALYZER_NONNULL = YES;
				CLANG_CXX_LANGUAGE_STANDARD = "gnu++0x";
				CLANG_CXX_LIBRARY = "libc++";
				CLANG_ENABLE_MODULES = YES;
				CLANG_ENABLE_OBJC_ARC = YES;
				CLANG_WARN_BOOL_CONVERSION = YES;
				CLANG_WARN_CONSTANT_CONVERSION = YES;
				CLANG_WARN_DIRECT_OBJC_ISA_USAGE = YES_ERROR;
				CLANG_WARN_DOCUMENTATION_COMMENTS = YES;
				CLANG_WARN_EMPTY_BODY = YES;
				CLANG_WARN_ENUM_CONVERSION = YES;
				CLANG_WARN_INFINITE_RECURSION = YES;
				CLANG_WARN_INT_CONVERSION = YES;
				CLANG_WARN_OBJC_ROOT_CLASS = YES_ERROR;
				CLANG_WARN_SUSPICIOUS_MOVES = YES;
				CLANG_WARN_UNREACHABLE_CODE = YES;
				CLANG_WARN__DUPLICATE_METHOD_MATCH = YES;
				"CODE_SIGN_IDENTITY[sdk=iphoneos*]" = "iPhone Developer";
				COPY_PHASE_STRIP = NO;
				DEBUG_INFORMATION_FORMAT = dwarf;
				ENABLE_STRICT_OBJC_MSGSEND = YES;
				ENABLE_TESTABILITY = YES;
				GCC_C_LANGUAGE_STANDARD = gnu99;
				GCC_DYNAMIC_NO_PIC = NO;
				GCC_NO_COMMON_BLOCKS = YES;
				GCC_OPTIMIZATION_LEVEL = 0;
				GCC_PREPROCESSOR_DEFINITIONS = (
					"DEBUG=1",
					"$(inherited)",
				);
				GCC_WARN_64_TO_32_BIT_CONVERSION = YES;
				GCC_WARN_ABOUT_RETURN_TYPE = YES_ERROR;
				GCC_WARN_UNDECLARED_SELECTOR = YES;
				GCC_WARN_UNINITIALIZED_AUTOS = YES_AGGRESSIVE;
				GCC_WARN_UNUSED_FUNCTION = YES;
				GCC_WARN_UNUSED_VARIABLE = YES;
				IPHONEOS_DEPLOYMENT_TARGET = 10.0;
				MTL_ENABLE_DEBUG_INFO = YES;
				ONLY_ACTIVE_ARCH = YES;
				SDKROOT = iphoneos;
				SWIFT_ACTIVE_COMPILATION_CONDITIONS = DEBUG;
				SWIFT_OPTIMIZATION_LEVEL = "-Onone";
			};
			name = Debug;
		};
		AF2825DF1DD780DD00A51B45 /* Release */ = {
			isa = XCBuildConfiguration;
			buildSettings = {
				ALWAYS_SEARCH_USER_PATHS = NO;
				CLANG_ANALYZER_NONNULL = YES;
				CLANG_CXX_LANGUAGE_STANDARD = "gnu++0x";
				CLANG_CXX_LIBRARY = "libc++";
				CLANG_ENABLE_MODULES = YES;
				CLANG_ENABLE_OBJC_ARC = YES;
				CLANG_WARN_BOOL_CONVERSION = YES;
				CLANG_WARN_CONSTANT_CONVERSION = YES;
				CLANG_WARN_DIRECT_OBJC_ISA_USAGE = YES_ERROR;
				CLANG_WARN_DOCUMENTATION_COMMENTS = YES;
				CLANG_WARN_EMPTY_BODY = YES;
				CLANG_WARN_ENUM_CONVERSION = YES;
				CLANG_WARN_INFINITE_RECURSION = YES;
				CLANG_WARN_INT_CONVERSION = YES;
				CLANG_WARN_OBJC_ROOT_CLASS = YES_ERROR;
				CLANG_WARN_SUSPICIOUS_MOVES = YES;
				CLANG_WARN_UNREACHABLE_CODE = YES;
				CLANG_WARN__DUPLICATE_METHOD_MATCH = YES;
				"CODE_SIGN_IDENTITY[sdk=iphoneos*]" = "iPhone Developer";
				COPY_PHASE_STRIP = NO;
				DEBUG_INFORMATION_FORMAT = "dwarf-with-dsym";
				ENABLE_NS_ASSERTIONS = NO;
				ENABLE_STRICT_OBJC_MSGSEND = YES;
				GCC_C_LANGUAGE_STANDARD = gnu99;
				GCC_NO_COMMON_BLOCKS = YES;
				GCC_WARN_64_TO_32_BIT_CONVERSION = YES;
				GCC_WARN_ABOUT_RETURN_TYPE = YES_ERROR;
				GCC_WARN_UNDECLARED_SELECTOR = YES;
				GCC_WARN_UNINITIALIZED_AUTOS = YES_AGGRESSIVE;
				GCC_WARN_UNUSED_FUNCTION = YES;
				GCC_WARN_UNUSED_VARIABLE = YES;
				IPHONEOS_DEPLOYMENT_TARGET = 10.0;
				MTL_ENABLE_DEBUG_INFO = NO;
				SDKROOT = iphoneos;
				SWIFT_OPTIMIZATION_LEVEL = "-Owholemodule";
				VALIDATE_PRODUCT = YES;
			};
			name = Release;
		};
		AF2825E11DD780DD00A51B45 /* Debug */ = {
			isa = XCBuildConfiguration;
			buildSettings = {
				ASSETCATALOG_COMPILER_APPICON_NAME = AppIcon;
				DEVELOPMENT_TEAM = U55RL8468U;
				INFOPLIST_FILE = threePhone/Info.plist;
				LD_RUNPATH_SEARCH_PATHS = "$(inherited) @executable_path/Frameworks";
				PRODUCT_BUNDLE_IDENTIFIER = com.elson.threePhone;
				PRODUCT_NAME = "$(TARGET_NAME)";
				SWIFT_VERSION = 3.0;
			};
			name = Debug;
		};
		AF2825E21DD780DD00A51B45 /* Release */ = {
			isa = XCBuildConfiguration;
			buildSettings = {
				ASSETCATALOG_COMPILER_APPICON_NAME = AppIcon;
				DEVELOPMENT_TEAM = U55RL8468U;
				INFOPLIST_FILE = threePhone/Info.plist;
				LD_RUNPATH_SEARCH_PATHS = "$(inherited) @executable_path/Frameworks";
				PRODUCT_BUNDLE_IDENTIFIER = com.elson.threePhone;
				PRODUCT_NAME = "$(TARGET_NAME)";
				SWIFT_VERSION = 3.0;
			};
			name = Release;
		};
/* End XCBuildConfiguration section */

/* Begin XCConfigurationList section */
		AF2825C91DD780DC00A51B45 /* Build configuration list for PBXProject "threePhone" */ = {
			isa = XCConfigurationList;
			buildConfigurations = (
				AF2825DE1DD780DD00A51B45 /* Debug */,
				AF2825DF1DD780DD00A51B45 /* Release */,
			);
			defaultConfigurationIsVisible = 0;
			defaultConfigurationName = Release;
		};
		AF2825E01DD780DD00A51B45 /* Build configuration list for PBXNativeTarget "threePhone" */ = {
			isa = XCConfigurationList;
			buildConfigurations = (
				AF2825E11DD780DD00A51B45 /* Debug */,
				AF2825E21DD780DD00A51B45 /* Release */,
			);
			defaultConfigurationIsVisible = 0;
		};
/* End XCConfigurationList section */
	};
	rootObject = AF2825C61DD780DC00A51B45 /* Project object */;
}
